{
  "name": "study",
  "lockfileVersion": 3,
  "requires": true,
  "packages": {
    "": {
      "dependencies": {
        "openai": "^6.39.1"
      }
    },
    "node_modules/openai": {
      "version": "6.39.1",
      "resolved": "https://registry.npmjs.org/openai/-/openai-6.39.1.tgz",
      "integrity": "sha512-z3dO9fEWOXBzlXynVb/xZ/tujzUjFWQWn3C0n0mw6Vo0zJTbEkaN4b2cLWjhJ6haJQx8LlREoafHRl+Gu/Hl+A==",
      "license": "Apache-2.0",
      "bin": {
        "openai": "bin/cli"
      },
      "peerDependencies": {
        "ws": "^8.18.0",
        "zod": "^3.25 || ^4.0"
      },
      "peerDependenciesMeta": {
        "ws": {
          "optional": true
        },
        "zod": {
          "optional": true
        }
      }
    }
  }
}
